
Microsoft Visual Studio Solution File, Format Version 12.00
# Visual Studio 15
VisualStudioVersion = 15.0.26124.0
MinimumVisualStudioVersion = 15.0.26124.0
Project("{FAE04EC0-301F-11D3-BF4B-00C04F79EFBC}") = "SqlBrokerToAzureAdapter.Execution.Console", "SqlBrokerToAzureAdapter.Execution.Console\SqlBrokerToAzureAdapter.Execution.Console.csproj", "{8E207BFC-5CB1-41E5-99F2-029687F6C0D8}"
EndProject
Project("{FAE04EC0-301F-11D3-BF4B-00C04F79EFBC}") = "SqlBrokerToAzureAdapter.Test", "SqlBrokerToAzureAdapter.Test\SqlBrokerToAzureAdapter.Test.csproj", "{AD7BD8C6-5408-4FC3-B151-B36AF9F00109}"
EndProject
Project("{FAE04EC0-301F-11D3-BF4B-00C04F79EFBC}") = "SqlBrokerToAzureAdapter", "SqlBrokerToAzureAdapter\SqlBrokerToAzureAdapter.csproj", "{796271A3-7D5A-4DA6-9063-0E916F139CBF}"
EndProject
Project("{FAE04EC0-301F-11D3-BF4B-00C04F79EFBC}") = "SqlBrokerToAzureAdapter.Contracts", "SqlBrokerToAzureAdapter.Contracts\SqlBrokerToAzureAdapter.Contracts.csproj", "{D0160473-42B7-4A27-8F2B-099FD33A1841}"
EndProject
Project("{FAE04EC0-301F-11D3-BF4B-00C04F79EFBC}") = "SqlBrokerToAzureAdapter.Transformations", "SqlBrokerToAzureAdapter.Transformations\SqlBrokerToAzureAdapter.Transformations.csproj", "{D305AD26-A11D-4CAF-B0F9-695819CF7C03}"
EndProject
Project("{2150E333-8FDC-42A3-9474-1A3956D46DE8}") = "01 Execution", "01 Execution", "{98DBA3A8-415B-4F92-84FE-B44059DEB774}"
EndProject
Project("{2150E333-8FDC-42A3-9474-1A3956D46DE8}") = "02 Adapter", "02 Adapter", "{0A35E065-5CCE-4D37-8B77-0F9B32FA2B96}"
EndProject
Project("{2150E333-8FDC-42A3-9474-1A3956D46DE8}") = "04 Abstraction", "04 Abstraction", "{7DD7E75C-BE2F-4F43-A637-3F7B1B78AEB4}"
EndProject
Project("{FAE04EC0-301F-11D3-BF4B-00C04F79EFBC}") = "SqlBrokerToAzureAdapter.Execution.IntegrationTests", "SqlBrokerToAzureAdapter.Execution.IntegrationTests\SqlBrokerToAzureAdapter.Execution.IntegrationTests.csproj", "{B85CFA0E-350E-4930-915D-016122CC6ACF}"
EndProject
Project("{FAE04EC0-301F-11D3-BF4B-00C04F79EFBC}") = "SqlBrokerToAzureAdapter.Testkit", "SqlBrokerToAzureAdapter.Testkit\SqlBrokerToAzureAdapter.Testkit.csproj", "{A6D4E4BB-DD95-434E-8D15-36F70CF68A46}"
EndProject
Project("{FAE04EC0-301F-11D3-BF4B-00C04F79EFBC}") = "SqlBrokerToAzureAdapter.Transformations.Tests", "SqlBrokerToAzureAdapter.Transformations.Tests\SqlBrokerToAzureAdapter.Transformations.Tests.csproj", "{A76689F5-3E70-4810-9D51-42F56D9AE789}"
EndProject
Project("{2150E333-8FDC-42A3-9474-1A3956D46DE8}") = "03 Setup", "03 Setup", "{DE684965-B7B9-465F-BF25-B08809B0A005}"
EndProject
Project("{FAE04EC0-301F-11D3-BF4B-00C04F79EFBC}") = "SqlBrokerToAzureAdapter.Setup", "SqlBrokerToAzureAdapter.Setup\SqlBrokerToAzureAdapter.Setup.csproj", "{C7C017EC-8EC8-47F1-B918-63ED47221257}"
EndProject
Project("{FAE04EC0-301F-11D3-BF4B-00C04F79EFBC}") = "SqlBrokerToAzureAdapter.Setup.Test", "SqlBrokerToAzureAdapter.Setup.Test\SqlBrokerToAzureAdapter.Setup.Test.csproj", "{02B04E83-EF32-4824-866E-8813952F9608}"
EndProject
Project("{FAE04EC0-301F-11D3-BF4B-00C04F79EFBC}") = "SqlBrokerToAzureAdapter.Setup.IntegrationTest", "SqlBrokerToAzureAdapter.Setup.IntegrationTest\SqlBrokerToAzureAdapter.Setup.IntegrationTest.csproj", "{A64CC684-54FF-4F8F-93B0-593169C7B37A}"
EndProject
Project("{2150E333-8FDC-42A3-9474-1A3956D46DE8}") = "Misc", "Misc", "{145B6519-C7DF-46D7-BAC4-3CA06F141B53}"
	ProjectSection(SolutionItems) = preProject
		README.md = README.md
	EndProjectSection
EndProject
Global
	GlobalSection(SolutionConfigurationPlatforms) = preSolution
		Debug|Any CPU = Debug|Any CPU
		Debug|x64 = Debug|x64
		Debug|x86 = Debug|x86
		Release|Any CPU = Release|Any CPU
		Release|x64 = Release|x64
		Release|x86 = Release|x86
	EndGlobalSection
	GlobalSection(SolutionProperties) = preSolution
		HideSolutionNode = FALSE
	EndGlobalSection
	GlobalSection(ProjectConfigurationPlatforms) = postSolution
		{8E207BFC-5CB1-41E5-99F2-029687F6C0D8}.Debug|Any CPU.ActiveCfg = Debug|Any CPU
		{8E207BFC-5CB1-41E5-99F2-029687F6C0D8}.Debug|Any CPU.Build.0 = Debug|Any CPU
		{8E207BFC-5CB1-41E5-99F2-029687F6C0D8}.Debug|x64.ActiveCfg = Debug|Any CPU
		{8E207BFC-5CB1-41E5-99F2-029687F6C0D8}.Debug|x64.Build.0 = Debug|Any CPU
		{8E207BFC-5CB1-41E5-99F2-029687F6C0D8}.Debug|x86.ActiveCfg = Debug|Any CPU
		{8E207BFC-5CB1-41E5-99F2-029687F6C0D8}.Debug|x86.Build.0 = Debug|Any CPU
		{8E207BFC-5CB1-41E5-99F2-029687F6C0D8}.Release|Any CPU.ActiveCfg = Release|Any CPU
		{8E207BFC-5CB1-41E5-99F2-029687F6C0D8}.Release|Any CPU.Build.0 = Release|Any CPU
		{8E207BFC-5CB1-41E5-99F2-029687F6C0D8}.Release|x64.ActiveCfg = Release|Any CPU
		{8E207BFC-5CB1-41E5-99F2-029687F6C0D8}.Release|x64.Build.0 = Release|Any CPU
		{8E207BFC-5CB1-41E5-99F2-029687F6C0D8}.Release|x86.ActiveCfg = Release|Any CPU
		{8E207BFC-5CB1-41E5-99F2-029687F6C0D8}.Release|x86.Build.0 = Release|Any CPU
		{AD7BD8C6-5408-4FC3-B151-B36AF9F00109}.Debug|Any CPU.ActiveCfg = Debug|Any CPU
		{AD7BD8C6-5408-4FC3-B151-B36AF9F00109}.Debug|Any CPU.Build.0 = Debug|Any CPU
		{AD7BD8C6-5408-4FC3-B151-B36AF9F00109}.Debug|x64.ActiveCfg = Debug|Any CPU
		{AD7BD8C6-5408-4FC3-B151-B36AF9F00109}.Debug|x64.Build.0 = Debug|Any CPU
		{AD7BD8C6-5408-4FC3-B151-B36AF9F00109}.Debug|x86.ActiveCfg = Debug|Any CPU
		{AD7BD8C6-5408-4FC3-B151-B36AF9F00109}.Debug|x86.Build.0 = Debug|Any CPU
		{AD7BD8C6-5408-4FC3-B151-B36AF9F00109}.Release|Any CPU.ActiveCfg = Release|Any CPU
		{AD7BD8C6-5408-4FC3-B151-B36AF9F00109}.Release|Any CPU.Build.0 = Release|Any CPU
		{AD7BD8C6-5408-4FC3-B151-B36AF9F00109}.Release|x64.ActiveCfg = Release|Any CPU
		{AD7BD8C6-5408-4FC3-B151-B36AF9F00109}.Release|x64.Build.0 = Release|Any CPU
		{AD7BD8C6-5408-4FC3-B151-B36AF9F00109}.Release|x86.ActiveCfg = Release|Any CPU
		{AD7BD8C6-5408-4FC3-B151-B36AF9F00109}.Release|x86.Build.0 = Release|Any CPU
		{796271A3-7D5A-4DA6-9063-0E916F139CBF}.Debug|Any CPU.ActiveCfg = Debug|Any CPU
		{796271A3-7D5A-4DA6-9063-0E916F139CBF}.Debug|Any CPU.Build.0 = Debug|Any CPU
		{796271A3-7D5A-4DA6-9063-0E916F139CBF}.Debug|x64.ActiveCfg = Debug|Any CPU
		{796271A3-7D5A-4DA6-9063-0E916F139CBF}.Debug|x64.Build.0 = Debug|Any CPU
		{796271A3-7D5A-4DA6-9063-0E916F139CBF}.Debug|x86.ActiveCfg = Debug|Any CPU
		{796271A3-7D5A-4DA6-9063-0E916F139CBF}.Debug|x86.Build.0 = Debug|Any CPU
		{796271A3-7D5A-4DA6-9063-0E916F139CBF}.Release|Any CPU.ActiveCfg = Release|Any CPU
		{796271A3-7D5A-4DA6-9063-0E916F139CBF}.Release|Any CPU.Build.0 = Release|Any CPU
		{796271A3-7D5A-4DA6-9063-0E916F139CBF}.Release|x64.ActiveCfg = Release|Any CPU
		{796271A3-7D5A-4DA6-9063-0E916F139CBF}.Release|x64.Build.0 = Release|Any CPU
		{796271A3-7D5A-4DA6-9063-0E916F139CBF}.Release|x86.ActiveCfg = Release|Any CPU
		{796271A3-7D5A-4DA6-9063-0E916F139CBF}.Release|x86.Build.0 = Release|Any CPU
		{D0160473-42B7-4A27-8F2B-099FD33A1841}.Debug|Any CPU.ActiveCfg = Debug|Any CPU
		{D0160473-42B7-4A27-8F2B-099FD33A1841}.Debug|Any CPU.Build.0 = Debug|Any CPU
		{D0160473-42B7-4A27-8F2B-099FD33A1841}.Debug|x64.ActiveCfg = Debug|Any CPU
		{D0160473-42B7-4A27-8F2B-099FD33A1841}.Debug|x64.Build.0 = Debug|Any CPU
		{D0160473-42B7-4A27-8F2B-099FD33A1841}.Debug|x86.ActiveCfg = Debug|Any CPU
		{D0160473-42B7-4A27-8F2B-099FD33A1841}.Debug|x86.Build.0 = Debug|Any CPU
		{D0160473-42B7-4A27-8F2B-099FD33A1841}.Release|Any CPU.ActiveCfg = Release|Any CPU
		{D0160473-42B7-4A27-8F2B-099FD33A1841}.Release|Any CPU.Build.0 = Release|Any CPU
		{D0160473-42B7-4A27-8F2B-099FD33A1841}.Release|x64.ActiveCfg = Release|Any CPU
		{D0160473-42B7-4A27-8F2B-099FD33A1841}.Release|x64.Build.0 = Release|Any CPU
		{D0160473-42B7-4A27-8F2B-099FD33A1841}.Release|x86.ActiveCfg = Release|Any CPU
		{D0160473-42B7-4A27-8F2B-099FD33A1841}.Release|x86.Build.0 = Release|Any CPU
		{D305AD26-A11D-4CAF-B0F9-695819CF7C03}.Debug|Any CPU.ActiveCfg = Debug|Any CPU
		{D305AD26-A11D-4CAF-B0F9-695819CF7C03}.Debug|Any CPU.Build.0 = Debug|Any CPU
		{D305AD26-A11D-4CAF-B0F9-695819CF7C03}.Debug|x64.ActiveCfg = Debug|Any CPU
		{D305AD26-A11D-4CAF-B0F9-695819CF7C03}.Debug|x64.Build.0 = Debug|Any CPU
		{D305AD26-A11D-4CAF-B0F9-695819CF7C03}.Debug|x86.ActiveCfg = Debug|Any CPU
		{D305AD26-A11D-4CAF-B0F9-695819CF7C03}.Debug|x86.Build.0 = Debug|Any CPU
		{D305AD26-A11D-4CAF-B0F9-695819CF7C03}.Release|Any CPU.ActiveCfg = Release|Any CPU
		{D305AD26-A11D-4CAF-B0F9-695819CF7C03}.Release|Any CPU.Build.0 = Release|Any CPU
		{D305AD26-A11D-4CAF-B0F9-695819CF7C03}.Release|x64.ActiveCfg = Release|Any CPU
		{D305AD26-A11D-4CAF-B0F9-695819CF7C03}.Release|x64.Build.0 = Release|Any CPU
		{D305AD26-A11D-4CAF-B0F9-695819CF7C03}.Release|x86.ActiveCfg = Release|Any CPU
		{D305AD26-A11D-4CAF-B0F9-695819CF7C03}.Release|x86.Build.0 = Release|Any CPU
		{B85CFA0E-350E-4930-915D-016122CC6ACF}.Debug|Any CPU.ActiveCfg = Debug|Any CPU
		{B85CFA0E-350E-4930-915D-016122CC6ACF}.Debug|Any CPU.Build.0 = Debug|Any CPU
		{B85CFA0E-350E-4930-915D-016122CC6ACF}.Debug|x64.ActiveCfg = Debug|Any CPU
		{B85CFA0E-350E-4930-915D-016122CC6ACF}.Debug|x64.Build.0 = Debug|Any CPU
		{B85CFA0E-350E-4930-915D-016122CC6ACF}.Debug|x86.ActiveCfg = Debug|Any CPU
		{B85CFA0E-350E-4930-915D-016122CC6ACF}.Debug|x86.Build.0 = Debug|Any CPU
		{B85CFA0E-350E-4930-915D-016122CC6ACF}.Release|Any CPU.ActiveCfg = Release|Any CPU
		{B85CFA0E-350E-4930-915D-016122CC6ACF}.Release|Any CPU.Build.0 = Release|Any CPU
		{B85CFA0E-350E-4930-915D-016122CC6ACF}.Release|x64.ActiveCfg = Release|Any CPU
		{B85CFA0E-350E-4930-915D-016122CC6ACF}.Release|x64.Build.0 = Release|Any CPU
		{B85CFA0E-350E-4930-915D-016122CC6ACF}.Release|x86.ActiveCfg = Release|Any CPU
		{B85CFA0E-350E-4930-915D-016122CC6ACF}.Release|x86.Build.0 = Release|Any CPU
		{A6D4E4BB-DD95-434E-8D15-36F70CF68A46}.Debug|Any CPU.ActiveCfg = Debug|Any CPU
		{A6D4E4BB-DD95-434E-8D15-36F70CF68A46}.Debug|Any CPU.Build.0 = Debug|Any CPU
		{A6D4E4BB-DD95-434E-8D15-36F70CF68A46}.Debug|x64.ActiveCfg = Debug|Any CPU
		{A6D4E4BB-DD95-434E-8D15-36F70CF68A46}.Debug|x64.Build.0 = Debug|Any CPU
		{A6D4E4BB-DD95-434E-8D15-36F70CF68A46}.Debug|x86.ActiveCfg = Debug|Any CPU
		{A6D4E4BB-DD95-434E-8D15-36F70CF68A46}.Debug|x86.Build.0 = Debug|Any CPU
		{A6D4E4BB-DD95-434E-8D15-36F70CF68A46}.Release|Any CPU.ActiveCfg = Release|Any CPU
		{A6D4E4BB-DD95-434E-8D15-36F70CF68A46}.Release|Any CPU.Build.0 = Release|Any CPU
		{A6D4E4BB-DD95-434E-8D15-36F70CF68A46}.Release|x64.ActiveCfg = Release|Any CPU
		{A6D4E4BB-DD95-434E-8D15-36F70CF68A46}.Release|x64.Build.0 = Release|Any CPU
		{A6D4E4BB-DD95-434E-8D15-36F70CF68A46}.Release|x86.ActiveCfg = Release|Any CPU
		{A6D4E4BB-DD95-434E-8D15-36F70CF68A46}.Release|x86.Build.0 = Release|Any CPU
		{A76689F5-3E70-4810-9D51-42F56D9AE789}.Debug|Any CPU.ActiveCfg = Debug|Any CPU
		{A76689F5-3E70-4810-9D51-42F56D9AE789}.Debug|Any CPU.Build.0 = Debug|Any CPU
		{A76689F5-3E70-4810-9D51-42F56D9AE789}.Debug|x64.ActiveCfg = Debug|Any CPU
		{A76689F5-3E70-4810-9D51-42F56D9AE789}.Debug|x64.Build.0 = Debug|Any CPU
		{A76689F5-3E70-4810-9D51-42F56D9AE789}.Debug|x86.ActiveCfg = Debug|Any CPU
		{A76689F5-3E70-4810-9D51-42F56D9AE789}.Debug|x86.Build.0 = Debug|Any CPU
		{A76689F5-3E70-4810-9D51-42F56D9AE789}.Release|Any CPU.ActiveCfg = Release|Any CPU
		{A76689F5-3E70-4810-9D51-42F56D9AE789}.Release|Any CPU.Build.0 = Release|Any CPU
		{A76689F5-3E70-4810-9D51-42F56D9AE789}.Release|x64.ActiveCfg = Release|Any CPU
		{A76689F5-3E70-4810-9D51-42F56D9AE789}.Release|x64.Build.0 = Release|Any CPU
		{A76689F5-3E70-4810-9D51-42F56D9AE789}.Release|x86.ActiveCfg = Release|Any CPU
		{A76689F5-3E70-4810-9D51-42F56D9AE789}.Release|x86.Build.0 = Release|Any CPU
		{C7C017EC-8EC8-47F1-B918-63ED47221257}.Debug|Any CPU.ActiveCfg = Debug|Any CPU
		{C7C017EC-8EC8-47F1-B918-63ED47221257}.Debug|Any CPU.Build.0 = Debug|Any CPU
		{C7C017EC-8EC8-47F1-B918-63ED47221257}.Debug|x64.ActiveCfg = Debug|Any CPU
		{C7C017EC-8EC8-47F1-B918-63ED47221257}.Debug|x64.Build.0 = Debug|Any CPU
		{C7C017EC-8EC8-47F1-B918-63ED47221257}.Debug|x86.ActiveCfg = Debug|Any CPU
		{C7C017EC-8EC8-47F1-B918-63ED47221257}.Debug|x86.Build.0 = Debug|Any CPU
		{C7C017EC-8EC8-47F1-B918-63ED47221257}.Release|Any CPU.ActiveCfg = Release|Any CPU
		{C7C017EC-8EC8-47F1-B918-63ED47221257}.Release|Any CPU.Build.0 = Release|Any CPU
		{C7C017EC-8EC8-47F1-B918-63ED47221257}.Release|x64.ActiveCfg = Release|Any CPU
		{C7C017EC-8EC8-47F1-B918-63ED47221257}.Release|x64.Build.0 = Release|Any CPU
		{C7C017EC-8EC8-47F1-B918-63ED47221257}.Release|x86.ActiveCfg = Release|Any CPU
		{C7C017EC-8EC8-47F1-B918-63ED47221257}.Release|x86.Build.0 = Release|Any CPU
		{02B04E83-EF32-4824-866E-8813952F9608}.Debug|Any CPU.ActiveCfg = Debug|Any CPU
		{02B04E83-EF32-4824-866E-8813952F9608}.Debug|Any CPU.Build.0 = Debug|Any CPU
		{02B04E83-EF32-4824-866E-8813952F9608}.Debug|x64.ActiveCfg = Debug|Any CPU
		{02B04E83-EF32-4824-866E-8813952F9608}.Debug|x64.Build.0 = Debug|Any CPU
		{02B04E83-EF32-4824-866E-8813952F9608}.Debug|x86.ActiveCfg = Debug|Any CPU
		{02B04E83-EF32-4824-866E-8813952F9608}.Debug|x86.Build.0 = Debug|Any CPU
		{02B04E83-EF32-4824-866E-8813952F9608}.Release|Any CPU.ActiveCfg = Release|Any CPU
		{02B04E83-EF32-4824-866E-8813952F9608}.Release|Any CPU.Build.0 = Release|Any CPU
		{02B04E83-EF32-4824-866E-8813952F9608}.Release|x64.ActiveCfg = Release|Any CPU
		{02B04E83-EF32-4824-866E-8813952F9608}.Release|x64.Build.0 = Release|Any CPU
		{02B04E83-EF32-4824-866E-8813952F9608}.Release|x86.ActiveCfg = Release|Any CPU
		{02B04E83-EF32-4824-866E-8813952F9608}.Release|x86.Build.0 = Release|Any CPU
		{A64CC684-54FF-4F8F-93B0-593169C7B37A}.Debug|Any CPU.ActiveCfg = Debug|Any CPU
		{A64CC684-54FF-4F8F-93B0-593169C7B37A}.Debug|Any CPU.Build.0 = Debug|Any CPU
		{A64CC684-54FF-4F8F-93B0-593169C7B37A}.Debug|x64.ActiveCfg = Debug|Any CPU
		{A64CC684-54FF-4F8F-93B0-593169C7B37A}.Debug|x64.Build.0 = Debug|Any CPU
		{A64CC684-54FF-4F8F-93B0-593169C7B37A}.Debug|x86.ActiveCfg = Debug|Any CPU
		{A64CC684-54FF-4F8F-93B0-593169C7B37A}.Debug|x86.Build.0 = Debug|Any CPU
		{A64CC684-54FF-4F8F-93B0-593169C7B37A}.Release|Any CPU.ActiveCfg = Release|Any CPU
		{A64CC684-54FF-4F8F-93B0-593169C7B37A}.Release|Any CPU.Build.0 = Release|Any CPU
		{A64CC684-54FF-4F8F-93B0-593169C7B37A}.Release|x64.ActiveCfg = Release|Any CPU
		{A64CC684-54FF-4F8F-93B0-593169C7B37A}.Release|x64.Build.0 = Release|Any CPU
		{A64CC684-54FF-4F8F-93B0-593169C7B37A}.Release|x86.ActiveCfg = Release|Any CPU
		{A64CC684-54FF-4F8F-93B0-593169C7B37A}.Release|x86.Build.0 = Release|Any CPU
	EndGlobalSection
	GlobalSection(NestedProjects) = preSolution
		{8E207BFC-5CB1-41E5-99F2-029687F6C0D8} = {98DBA3A8-415B-4F92-84FE-B44059DEB774}
		{D0160473-42B7-4A27-8F2B-099FD33A1841} = {0A35E065-5CCE-4D37-8B77-0F9B32FA2B96}
		{AD7BD8C6-5408-4FC3-B151-B36AF9F00109} = {7DD7E75C-BE2F-4F43-A637-3F7B1B78AEB4}
		{D305AD26-A11D-4CAF-B0F9-695819CF7C03} = {0A35E065-5CCE-4D37-8B77-0F9B32FA2B96}
		{796271A3-7D5A-4DA6-9063-0E916F139CBF} = {7DD7E75C-BE2F-4F43-A637-3F7B1B78AEB4}
		{A6D4E4BB-DD95-434E-8D15-36F70CF68A46} = {7DD7E75C-BE2F-4F43-A637-3F7B1B78AEB4}
		{B85CFA0E-350E-4930-915D-016122CC6ACF} = {98DBA3A8-415B-4F92-84FE-B44059DEB774}
		{A76689F5-3E70-4810-9D51-42F56D9AE789} = {0A35E065-5CCE-4D37-8B77-0F9B32FA2B96}
		{C7C017EC-8EC8-47F1-B918-63ED47221257} = {DE684965-B7B9-465F-BF25-B08809B0A005}
		{02B04E83-EF32-4824-866E-8813952F9608} = {DE684965-B7B9-465F-BF25-B08809B0A005}
		{A64CC684-54FF-4F8F-93B0-593169C7B37A} = {DE684965-B7B9-465F-BF25-B08809B0A005}
	EndGlobalSection
EndGlobal
